
Microsoft Visual Studio Solution File, Format Version 12.00
# Visual Studio Version 17
VisualStudioVersion = 17.12.35514.174
MinimumVisualStudioVersion = 10.0.40219.1
Project("{FAE04EC0-301F-11D3-BF4B-00C04F79EFBC}") = "Oganesyan_SP1_sharp", "Oganesyan_SP1_sharp.csproj", "{0B6B875C-979F-484E-8807-5751667F6D0C}"
	ProjectSection(ProjectDependencies) = postProject
		{7AFCF061-EA54-44EA-830C-AFDEC0CEDC27} = {7AFCF061-EA54-44EA-830C-AFDEC0CEDC27}
		{81B8A62F-D120-474D-A9EC-F92E73F3E7C1} = {81B8A62F-D120-474D-A9EC-F92E73F3E7C1}
	EndProjectSection
EndProject
Project("{8BC9CEB8-8B4A-11D0-8D11-00A0C91BC942}") = "Oganesyan_SP1_plus", "Oganesyan_SP1_plus\Oganesyan_SP1_plus.vcxproj", "{81B8A62F-D120-474D-A9EC-F92E73F3E7C1}"
	ProjectSection(ProjectDependencies) = postProject
		{7AFCF061-EA54-44EA-830C-AFDEC0CEDC27} = {7AFCF061-EA54-44EA-830C-AFDEC0CEDC27}
	EndProjectSection
EndProject
Project("{8BC9CEB8-8B4A-11D0-8D11-00A0C91BC942}") = "Oganesyan_Dll", "..\Oganesyan_Dll\Oganesyan_Dll.vcxproj", "{7AFCF061-EA54-44EA-830C-AFDEC0CEDC27}"
EndProject
Global
	GlobalSection(SolutionConfigurationPlatforms) = preSolution
		Debug|Any CPU = Debug|Any CPU
		Debug|x64 = Debug|x64
		Debug|x86 = Debug|x86
		Release|Any CPU = Release|Any CPU
		Release|x64 = Release|x64
		Release|x86 = Release|x86
	EndGlobalSection
	GlobalSection(ProjectConfigurationPlatforms) = postSolution
		{0B6B875C-979F-484E-8807-5751667F6D0C}.Debug|Any CPU.ActiveCfg = Debug|Any CPU
		{0B6B875C-979F-484E-8807-5751667F6D0C}.Debug|Any CPU.Build.0 = Debug|Any CPU
		{0B6B875C-979F-484E-8807-5751667F6D0C}.Debug|x64.ActiveCfg = Debug|Any CPU
		{0B6B875C-979F-484E-8807-5751667F6D0C}.Debug|x64.Build.0 = Debug|Any CPU
		{0B6B875C-979F-484E-8807-5751667F6D0C}.Debug|x86.ActiveCfg = Debug|Any CPU
		{0B6B875C-979F-484E-8807-5751667F6D0C}.Debug|x86.Build.0 = Debug|Any CPU
		{0B6B875C-979F-484E-8807-5751667F6D0C}.Release|Any CPU.ActiveCfg = Release|Any CPU
		{0B6B875C-979F-484E-8807-5751667F6D0C}.Release|Any CPU.Build.0 = Release|Any CPU
		{0B6B875C-979F-484E-8807-5751667F6D0C}.Release|x64.ActiveCfg = Release|Any CPU
		{0B6B875C-979F-484E-8807-5751667F6D0C}.Release|x64.Build.0 = Release|Any CPU
		{0B6B875C-979F-484E-8807-5751667F6D0C}.Release|x86.ActiveCfg = Release|Any CPU
		{0B6B875C-979F-484E-8807-5751667F6D0C}.Release|x86.Build.0 = Release|Any CPU
		{81B8A62F-D120-474D-A9EC-F92E73F3E7C1}.Debug|Any CPU.ActiveCfg = Debug|x64
		{81B8A62F-D120-474D-A9EC-F92E73F3E7C1}.Debug|Any CPU.Build.0 = Debug|x64
		{81B8A62F-D120-474D-A9EC-F92E73F3E7C1}.Debug|x64.ActiveCfg = Debug|x64
		{81B8A62F-D120-474D-A9EC-F92E73F3E7C1}.Debug|x64.Build.0 = Debug|x64
		{81B8A62F-D120-474D-A9EC-F92E73F3E7C1}.Debug|x86.ActiveCfg = Debug|Win32
		{81B8A62F-D120-474D-A9EC-F92E73F3E7C1}.Debug|x86.Build.0 = Debug|Win32
		{81B8A62F-D120-474D-A9EC-F92E73F3E7C1}.Release|Any CPU.ActiveCfg = Release|x64
		{81B8A62F-D120-474D-A9EC-F92E73F3E7C1}.Release|Any CPU.Build.0 = Release|x64
		{81B8A62F-D120-474D-A9EC-F92E73F3E7C1}.Release|x64.ActiveCfg = Release|x64
		{81B8A62F-D120-474D-A9EC-F92E73F3E7C1}.Release|x64.Build.0 = Release|x64
		{81B8A62F-D120-474D-A9EC-F92E73F3E7C1}.Release|x86.ActiveCfg = Release|Win32
		{81B8A62F-D120-474D-A9EC-F92E73F3E7C1}.Release|x86.Build.0 = Release|Win32
		{7AFCF061-EA54-44EA-830C-AFDEC0CEDC27}.Debug|Any CPU.ActiveCfg = Debug|x64
		{7AFCF061-EA54-44EA-830C-AFDEC0CEDC27}.Debug|Any CPU.Build.0 = Debug|x64
		{7AFCF061-EA54-44EA-830C-AFDEC0CEDC27}.Debug|x64.ActiveCfg = Debug|x64
		{7AFCF061-EA54-44EA-830C-AFDEC0CEDC27}.Debug|x64.Build.0 = Debug|x64
		{7AFCF061-EA54-44EA-830C-AFDEC0CEDC27}.Debug|x86.ActiveCfg = Debug|Win32
		{7AFCF061-EA54-44EA-830C-AFDEC0CEDC27}.Debug|x86.Build.0 = Debug|Win32
		{7AFCF061-EA54-44EA-830C-AFDEC0CEDC27}.Release|Any CPU.ActiveCfg = Release|x64
		{7AFCF061-EA54-44EA-830C-AFDEC0CEDC27}.Release|Any CPU.Build.0 = Release|x64
		{7AFCF061-EA54-44EA-830C-AFDEC0CEDC27}.Release|x64.ActiveCfg = Release|x64
		{7AFCF061-EA54-44EA-830C-AFDEC0CEDC27}.Release|x64.Build.0 = Release|x64
		{7AFCF061-EA54-44EA-830C-AFDEC0CEDC27}.Release|x86.ActiveCfg = Release|Win32
		{7AFCF061-EA54-44EA-830C-AFDEC0CEDC27}.Release|x86.Build.0 = Release|Win32
	EndGlobalSection
	GlobalSection(SolutionProperties) = preSolution
		HideSolutionNode = FALSE
	EndGlobalSection
EndGlobal
